
Microsoft Visual Studio Solution File, Format Version 12.00
# Visual Studio Version 17
VisualStudioVersion = 17.7.34031.279
MinimumVisualStudioVersion = 10.0.40219.1
Project("{9A19103F-16F7-4668-BE54-9A1E7A4F7556}") = "Coursework", "Coursework\Coursework.csproj", "{FD0518D6-1F78-44E7-95D0-3B7292980F6B}"
EndProject
Project("{FAE04EC0-301F-11D3-BF4B-00C04F79EFBC}") = "Coursework_Utility", "Coursework_Utility\Coursework_Utility.csproj", "{2F7F02F0-E0C0-4B90-973C-09F1E4D791FE}"
EndProject
Project("{FAE04EC0-301F-11D3-BF4B-00C04F79EFBC}") = "Coursework_Models", "Coursework_Models\Coursework_Models.csproj", "{98425A90-EA6E-42D6-930C-58697C179AF1}"
EndProject
Project("{FAE04EC0-301F-11D3-BF4B-00C04F79EFBC}") = "Coursework_DataAccess", "Coursework_DataAccess\Coursework_DataAccess.csproj", "{02920675-1EEF-4EE9-9E88-F87DE9E2B87C}"
EndProject
Global
	GlobalSection(SolutionConfigurationPlatforms) = preSolution
		Debug|Any CPU = Debug|Any CPU
		Release|Any CPU = Release|Any CPU
	EndGlobalSection
	GlobalSection(ProjectConfigurationPlatforms) = postSolution
		{FD0518D6-1F78-44E7-95D0-3B7292980F6B}.Debug|Any CPU.ActiveCfg = Debug|Any CPU
		{FD0518D6-1F78-44E7-95D0-3B7292980F6B}.Debug|Any CPU.Build.0 = Debug|Any CPU
		{FD0518D6-1F78-44E7-95D0-3B7292980F6B}.Release|Any CPU.ActiveCfg = Release|Any CPU
		{FD0518D6-1F78-44E7-95D0-3B7292980F6B}.Release|Any CPU.Build.0 = Release|Any CPU
		{2F7F02F0-E0C0-4B90-973C-09F1E4D791FE}.Debug|Any CPU.ActiveCfg = Debug|Any CPU
		{2F7F02F0-E0C0-4B90-973C-09F1E4D791FE}.Debug|Any CPU.Build.0 = Debug|Any CPU
		{2F7F02F0-E0C0-4B90-973C-09F1E4D791FE}.Release|Any CPU.ActiveCfg = Release|Any CPU
		{2F7F02F0-E0C0-4B90-973C-09F1E4D791FE}.Release|Any CPU.Build.0 = Release|Any CPU
		{98425A90-EA6E-42D6-930C-58697C179AF1}.Debug|Any CPU.ActiveCfg = Debug|Any CPU
		{98425A90-EA6E-42D6-930C-58697C179AF1}.Debug|Any CPU.Build.0 = Debug|Any CPU
		{98425A90-EA6E-42D6-930C-58697C179AF1}.Release|Any CPU.ActiveCfg = Release|Any CPU
		{98425A90-EA6E-42D6-930C-58697C179AF1}.Release|Any CPU.Build.0 = Release|Any CPU
		{02920675-1EEF-4EE9-9E88-F87DE9E2B87C}.Debug|Any CPU.ActiveCfg = Debug|Any CPU
		{02920675-1EEF-4EE9-9E88-F87DE9E2B87C}.Debug|Any CPU.Build.0 = Debug|Any CPU
		{02920675-1EEF-4EE9-9E88-F87DE9E2B87C}.Release|Any CPU.ActiveCfg = Release|Any CPU
		{02920675-1EEF-4EE9-9E88-F87DE9E2B87C}.Release|Any CPU.Build.0 = Release|Any CPU
	EndGlobalSection
	GlobalSection(SolutionProperties) = preSolution
		HideSolutionNode = FALSE
	EndGlobalSection
	GlobalSection(ExtensibilityGlobals) = postSolution
		SolutionGuid = {EE788555-9C7D-4304-9F5F-7554973EC211}
	EndGlobalSection
EndGlobal
